// !$*UTF8*$!
{
	archiveVersion = 1;
	classes = {
	};
	objectVersion = 56;
	objects = {

/* Begin PBXBuildFile section */
		2BBF6CCB2C6CE9DD00232ADA /* PokedexApp.swift in Sources */ = {isa = PBXBuildFile; fileRef = 2BBF6CCA2C6CE9DD00232ADA /* PokedexApp.swift */; };
		2BBF6CCD2C6CE9DD00232ADA /* ContentView.swift in Sources */ = {isa = PBXBuildFile; fileRef = 2BBF6CCC2C6CE9DD00232ADA /* ContentView.swift */; };
		2BBF6CCF2C6CE9DE00232ADA /* Assets.xcassets in Resources */ = {isa = PBXBuildFile; fileRef = 2BBF6CCE2C6CE9DE00232ADA /* Assets.xcassets */; };
		2BBF6CD22C6CE9DE00232ADA /* Preview Assets.xcassets in Resources */ = {isa = PBXBuildFile; fileRef = 2BBF6CD12C6CE9DE00232ADA /* Preview Assets.xcassets */; };
		2BBF6CDC2C6CE9DE00232ADA /* PokedexTests.swift in Sources */ = {isa = PBXBuildFile; fileRef = 2BBF6CDB2C6CE9DE00232ADA /* PokedexTests.swift */; };
		2BBF6CE62C6CE9DE00232ADA /* PokedexUITests.swift in Sources */ = {isa = PBXBuildFile; fileRef = 2BBF6CE52C6CE9DE00232ADA /* PokedexUITests.swift */; };
		2BBF6CE82C6CE9DE00232ADA /* PokedexUITestsLaunchTests.swift in Sources */ = {isa = PBXBuildFile; fileRef = 2BBF6CE72C6CE9DE00232ADA /* PokedexUITestsLaunchTests.swift */; };
		2BBF6CF52C6CE9FC00232ADA /* Pokemon.swift in Sources */ = {isa = PBXBuildFile; fileRef = 2BBF6CF42C6CE9FC00232ADA /* Pokemon.swift */; };
		2BBF6CF82C6CEA1000232ADA /* PokedexService.swift in Sources */ = {isa = PBXBuildFile; fileRef = 2BBF6CF72C6CEA1000232ADA /* PokedexService.swift */; };
		2BBF6CFB2C6CEA2E00232ADA /* PokedexViewModel.swift in Sources */ = {isa = PBXBuildFile; fileRef = 2BBF6CFA2C6CEA2E00232ADA /* PokedexViewModel.swift */; };
		2BBF6CFE2C6CEA4700232ADA /* PokedexView.swift in Sources */ = {isa = PBXBuildFile; fileRef = 2BBF6CFD2C6CEA4700232ADA /* PokedexView.swift */; };
/* End PBXBuildFile section */

/* Begin PBXContainerItemProxy section */
		2BBF6CD82C6CE9DE00232ADA /* PBXContainerItemProxy */ = {
			isa = PBXContainerItemProxy;
			containerPortal = 2BBF6CBF2C6CE9DD00232ADA /* Project object */;
			proxyType = 1;
			remoteGlobalIDString = 2BBF6CC62C6CE9DD00232ADA;
			remoteInfo = Pokedex;
		};
		2BBF6CE22C6CE9DE00232ADA /* PBXContainerItemProxy */ = {
			isa = PBXContainerItemProxy;
			containerPortal = 2BBF6CBF2C6CE9DD00232ADA /* Project object */;
			proxyType = 1;
			remoteGlobalIDString = 2BBF6CC62C6CE9DD00232ADA;
			remoteInfo = Pokedex;
		};
/* End PBXContainerItemProxy section */

/* Begin PBXFileReference section */
		2BBF6CC72C6CE9DD00232ADA /* Pokedex.app */ = {isa = PBXFileReference; explicitFileType = wrapper.application; includeInIndex = 0; path = Pokedex.app; sourceTree = BUILT_PRODUCTS_DIR; };
		2BBF6CCA2C6CE9DD00232ADA /* PokedexApp.swift */ = {isa = PBXFileReference; lastKnownFileType = sourcecode.swift; path = PokedexApp.swift; sourceTree = "<group>"; };
		2BBF6CCC2C6CE9DD00232ADA /* ContentView.swift */ = {isa = PBXFileReference; lastKnownFileType = sourcecode.swift; path = ContentView.swift; sourceTree = "<group>"; };
		2BBF6CCE2C6CE9DE00232ADA /* Assets.xcassets */ = {isa = PBXFileReference; lastKnownFileType = folder.assetcatalog; path = Assets.xcassets; sourceTree = "<group>"; };
		2BBF6CD12C6CE9DE00232ADA /* Preview Assets.xcassets */ = {isa = PBXFileReference; lastKnownFileType = folder.assetcatalog; path = "Preview Assets.xcassets"; sourceTree = "<group>"; };
		2BBF6CD72C6CE9DE00232ADA /* PokedexTests.xctest */ = {isa = PBXFileReference; explicitFileType = wrapper.cfbundle; includeInIndex = 0; path = PokedexTests.xctest; sourceTree = BUILT_PRODUCTS_DIR; };
		2BBF6CDB2C6CE9DE00232ADA /* PokedexTests.swift */ = {isa = PBXFileReference; lastKnownFileType = sourcecode.swift; path = PokedexTests.swift; sourceTree = "<group>"; };
		2BBF6CE12C6CE9DE00232ADA /* PokedexUITests.xctest */ = {isa = PBXFileReference; explicitFileType = wrapper.cfbundle; includeInIndex = 0; path = PokedexUITests.xctest; sourceTree = BUILT_PRODUCTS_DIR; };
		2BBF6CE52C6CE9DE00232ADA /* PokedexUITests.swift */ = {isa = PBXFileReference; lastKnownFileType = sourcecode.swift; path = PokedexUITests.swift; sourceTree = "<group>"; };
		2BBF6CE72C6CE9DE00232ADA /* PokedexUITestsLaunchTests.swift */ = {isa = PBXFileReference; lastKnownFileType = sourcecode.swift; path = PokedexUITestsLaunchTests.swift; sourceTree = "<group>"; };
		2BBF6CF42C6CE9FC00232ADA /* Pokemon.swift */ = {isa = PBXFileReference; lastKnownFileType = sourcecode.swift; path = Pokemon.swift; sourceTree = "<group>"; };
		2BBF6CF72C6CEA1000232ADA /* PokedexService.swift */ = {isa = PBXFileReference; lastKnownFileType = sourcecode.swift; path = PokedexService.swift; sourceTree = "<group>"; };
		2BBF6CFA2C6CEA2E00232ADA /* PokedexViewModel.swift */ = {isa = PBXFileReference; lastKnownFileType = sourcecode.swift; path = PokedexViewModel.swift; sourceTree = "<group>"; };
		2BBF6CFD2C6CEA4700232ADA /* PokedexView.swift */ = {isa = PBXFileReference; lastKnownFileType = sourcecode.swift; path = PokedexView.swift; sourceTree = "<group>"; };
/* End PBXFileReference section */

/* Begin PBXFrameworksBuildPhase section */
		2BBF6CC42C6CE9DD00232ADA /* Frameworks */ = {
			isa = PBXFrameworksBuildPhase;
			buildActionMask = 2147483647;
			files = (
			);
			runOnlyForDeploymentPostprocessing = 0;
		};
		2BBF6CD42C6CE9DE00232ADA /* Frameworks */ = {
			isa = PBXFrameworksBuildPhase;
			buildActionMask = 2147483647;
			files = (
			);
			runOnlyForDeploymentPostprocessing = 0;
		};
		2BBF6CDE2C6CE9DE00232ADA /* Frameworks */ = {
			isa = PBXFrameworksBuildPhase;
			buildActionMask = 2147483647;
			files = (
			);
			runOnlyForDeploymentPostprocessing = 0;
		};
/* End PBXFrameworksBuildPhase section */

/* Begin PBXGroup section */
		2BBF6CBE2C6CE9DD00232ADA = {
			isa = PBXGroup;
			children = (
				2BBF6CC92C6CE9DD00232ADA /* Pokedex */,
				2BBF6CDA2C6CE9DE00232ADA /* PokedexTests */,
				2BBF6CE42C6CE9DE00232ADA /* PokedexUITests */,
				2BBF6CC82C6CE9DD00232ADA /* Products */,
			);
			sourceTree = "<group>";
		};
		2BBF6CC82C6CE9DD00232ADA /* Products */ = {
			isa = PBXGroup;
			children = (
				2BBF6CC72C6CE9DD00232ADA /* Pokedex.app */,
				2BBF6CD72C6CE9DE00232ADA /* PokedexTests.xctest */,
				2BBF6CE12C6CE9DE00232ADA /* PokedexUITests.xctest */,
			);
			name = Products;
			sourceTree = "<group>";
		};
		2BBF6CC92C6CE9DD00232ADA /* Pokedex */ = {
			isa = PBXGroup;
			children = (
				2BBF6CCA2C6CE9DD00232ADA /* PokedexApp.swift */,
				2BBF6CCC2C6CE9DD00232ADA /* ContentView.swift */,
				2BBF6CFF2C6CEA5600232ADA /* View */,
				2BBF6CFC2C6CEA3E00232ADA /* Presentation */,
				2BBF6CF62C6CEA0400232ADA /* Model */,
				2BBF6CF92C6CEA1D00232ADA /* Network */,
				2BBF6CCE2C6CE9DE00232ADA /* Assets.xcassets */,
				2BBF6CD02C6CE9DE00232ADA /* Preview Content */,
			);
			path = Pokedex;
			sourceTree = "<group>";
		};
		2BBF6CD02C6CE9DE00232ADA /* Preview Content */ = {
			isa = PBXGroup;
			children = (
				2BBF6CD12C6CE9DE00232ADA /* Preview Assets.xcassets */,
			);
			path = "Preview Content";
			sourceTree = "<group>";
		};
		2BBF6CDA2C6CE9DE00232ADA /* PokedexTests */ = {
			isa = PBXGroup;
			children = (
				2BBF6CDB2C6CE9DE00232ADA /* PokedexTests.swift */,
			);
			path = PokedexTests;
			sourceTree = "<group>";
		};
		2BBF6CE42C6CE9DE00232ADA /* PokedexUITests */ = {
			isa = PBXGroup;
			children = (
				2BBF6CE52C6CE9DE00232ADA /* PokedexUITests.swift */,
				2BBF6CE72C6CE9DE00232ADA /* PokedexUITestsLaunchTests.swift */,
			);
			path = PokedexUITests;
			sourceTree = "<group>";
		};
		2BBF6CF62C6CEA0400232ADA /* Model */ = {
			isa = PBXGroup;
			children = (
				2BBF6CF42C6CE9FC00232ADA /* Pokemon.swift */,
			);
			path = Model;
			sourceTree = "<group>";
		};
		2BBF6CF92C6CEA1D00232ADA /* Network */ = {
			isa = PBXGroup;
			children = (
				2BBF6CF72C6CEA1000232ADA /* PokedexService.swift */,
			);
			path = Network;
			sourceTree = "<group>";
		};
		2BBF6CFC2C6CEA3E00232ADA /* Presentation */ = {
			isa = PBXGroup;
			children = (
				2BBF6CFA2C6CEA2E00232ADA /* PokedexViewModel.swift */,
			);
			path = Presentation;
			sourceTree = "<group>";
		};
		2BBF6CFF2C6CEA5600232ADA /* View */ = {
			isa = PBXGroup;
			children = (
				2BBF6CFD2C6CEA4700232ADA /* PokedexView.swift */,
			);
			path = View;
			sourceTree = "<group>";
		};
/* End PBXGroup section */

/* Begin PBXNativeTarget section */
		2BBF6CC62C6CE9DD00232ADA /* Pokedex */ = {
			isa = PBXNativeTarget;
			buildConfigurationList = 2BBF6CEB2C6CE9DE00232ADA /* Build configuration list for PBXNativeTarget "Pokedex" */;
			buildPhases = (
				2BBF6CC32C6CE9DD00232ADA /* Sources */,
				2BBF6CC42C6CE9DD00232ADA /* Frameworks */,
				2BBF6CC52C6CE9DD00232ADA /* Resources */,
			);
			buildRules = (
			);
			dependencies = (
			);
			name = Pokedex;
			productName = Pokedex;
			productReference = 2BBF6CC72C6CE9DD00232ADA /* Pokedex.app */;
			productType = "com.apple.product-type.application";
		};
		2BBF6CD62C6CE9DE00232ADA /* PokedexTests */ = {
			isa = PBXNativeTarget;
			buildConfigurationList = 2BBF6CEE2C6CE9DE00232ADA /* Build configuration list for PBXNativeTarget "PokedexTests" */;
			buildPhases = (
				2BBF6CD32C6CE9DE00232ADA /* Sources */,
				2BBF6CD42C6CE9DE00232ADA /* Frameworks */,
				2BBF6CD52C6CE9DE00232ADA /* Resources */,
			);
			buildRules = (
			);
			dependencies = (
				2BBF6CD92C6CE9DE00232ADA /* PBXTargetDependency */,
			);
			name = PokedexTests;
			productName = PokedexTests;
			productReference = 2BBF6CD72C6CE9DE00232ADA /* PokedexTests.xctest */;
			productType = "com.apple.product-type.bundle.unit-test";
		};
		2BBF6CE02C6CE9DE00232ADA /* PokedexUITests */ = {
			isa = PBXNativeTarget;
			buildConfigurationList = 2BBF6CF12C6CE9DE00232ADA /* Build configuration list for PBXNativeTarget "PokedexUITests" */;
			buildPhases = (
				2BBF6CDD2C6CE9DE00232ADA /* Sources */,
				2BBF6CDE2C6CE9DE00232ADA /* Frameworks */,
				2BBF6CDF2C6CE9DE00232ADA /* Resources */,
			);
			buildRules = (
			);
			dependencies = (
				2BBF6CE32C6CE9DE00232ADA /* PBXTargetDependency */,
			);
			name = PokedexUITests;
			productName = PokedexUITests;
			productReference = 2BBF6CE12C6CE9DE00232ADA /* PokedexUITests.xctest */;
			productType = "com.apple.product-type.bundle.ui-testing";
		};
/* End PBXNativeTarget section */

/* Begin PBXProject section */
		2BBF6CBF2C6CE9DD00232ADA /* Project object */ = {
			isa = PBXProject;
			attributes = {
				BuildIndependentTargetsInParallel = 1;
				LastSwiftUpdateCheck = 1540;
				LastUpgradeCheck = 1540;
				TargetAttributes = {
					2BBF6CC62C6CE9DD00232ADA = {
						CreatedOnToolsVersion = 15.4;
					};
					2BBF6CD62C6CE9DE00232ADA = {
						CreatedOnToolsVersion = 15.4;
						TestTargetID = 2BBF6CC62C6CE9DD00232ADA;
					};
					2BBF6CE02C6CE9DE00232ADA = {
						CreatedOnToolsVersion = 15.4;
						TestTargetID = 2BBF6CC62C6CE9DD00232ADA;
					};
				};
			};
			buildConfigurationList = 2BBF6CC22C6CE9DD00232ADA /* Build configuration list for PBXProject "Pokedex" */;
			compatibilityVersion = "Xcode 14.0";
			developmentRegion = en;
			hasScannedForEncodings = 0;
			knownRegions = (
				en,
				Base,
			);
			mainGroup = 2BBF6CBE2C6CE9DD00232ADA;
			productRefGroup = 2BBF6CC82C6CE9DD00232ADA /* Products */;
			projectDirPath = "";
			projectRoot = "";
			targets = (
				2BBF6CC62C6CE9DD00232ADA /* Pokedex */,
				2BBF6CD62C6CE9DE00232ADA /* PokedexTests */,
				2BBF6CE02C6CE9DE00232ADA /* PokedexUITests */,
			);
		};
/* End PBXProject section */

/* Begin PBXResourcesBuildPhase section */
		2BBF6CC52C6CE9DD00232ADA /* Resources */ = {
			isa = PBXResourcesBuildPhase;
			buildActionMask = 2147483647;
			files = (
				2BBF6CD22C6CE9DE00232ADA /* Preview Assets.xcassets in Resources */,
				2BBF6CCF2C6CE9DE00232ADA /* Assets.xcassets in Resources */,
			);
			runOnlyForDeploymentPostprocessing = 0;
		};
		2BBF6CD52C6CE9DE00232ADA /* Resources */ = {
			isa = PBXResourcesBuildPhase;
			buildActionMask = 2147483647;
			files = (
			);
			runOnlyForDeploymentPostprocessing = 0;
		};
		2BBF6CDF2C6CE9DE00232ADA /* Resources */ = {
			isa = PBXResourcesBuildPhase;
			buildActionMask = 2147483647;
			files = (
			);
			runOnlyForDeploymentPostprocessing = 0;
		};
/* End PBXResourcesBuildPhase section */

/* Begin PBXSourcesBuildPhase section */
		2BBF6CC32C6CE9DD00232ADA /* Sources */ = {
			isa = PBXSourcesBuildPhase;
			buildActionMask = 2147483647;
			files = (
				2BBF6CFB2C6CEA2E00232ADA /* PokedexViewModel.swift in Sources */,
				2BBF6CFE2C6CEA4700232ADA /* PokedexView.swift in Sources */,
				2BBF6CCD2C6CE9DD00232ADA /* ContentView.swift in Sources */,
				2BBF6CCB2C6CE9DD00232ADA /* PokedexApp.swift in Sources */,
				2BBF6CF82C6CEA1000232ADA /* PokedexService.swift in Sources */,
				2BBF6CF52C6CE9FC00232ADA /* Pokemon.swift in Sources */,
			);
			runOnlyForDeploymentPostprocessing = 0;
		};
		2BBF6CD32C6CE9DE00232ADA /* Sources */ = {
			isa = PBXSourcesBuildPhase;
			buildActionMask = 2147483647;
			files = (
				2BBF6CDC2C6CE9DE00232ADA /* PokedexTests.swift in Sources */,
			);
			runOnlyForDeploymentPostprocessing = 0;
		};
		2BBF6CDD2C6CE9DE00232ADA /* Sources */ = {
			isa = PBXSourcesBuildPhase;
			buildActionMask = 2147483647;
			files = (
				2BBF6CE62C6CE9DE00232ADA /* PokedexUITests.swift in Sources */,
				2BBF6CE82C6CE9DE00232ADA /* PokedexUITestsLaunchTests.swift in Sources */,
			);
			runOnlyForDeploymentPostprocessing = 0;
		};
/* End PBXSourcesBuildPhase section */

/* Begin PBXTargetDependency section */
		2BBF6CD92C6CE9DE00232ADA /* PBXTargetDependency */ = {
			isa = PBXTargetDependency;
			target = 2BBF6CC62C6CE9DD00232ADA /* Pokedex */;
			targetProxy = 2BBF6CD82C6CE9DE00232ADA /* PBXContainerItemProxy */;
		};
		2BBF6CE32C6CE9DE00232ADA /* PBXTargetDependency */ = {
			isa = PBXTargetDependency;
			target = 2BBF6CC62C6CE9DD00232ADA /* Pokedex */;
			targetProxy = 2BBF6CE22C6CE9DE00232ADA /* PBXContainerItemProxy */;
		};
/* End PBXTargetDependency section */

/* Begin XCBuildConfiguration section */
		2BBF6CE92C6CE9DE00232ADA /* Debug */ = {
			isa = XCBuildConfiguration;
			buildSettings = {
				ALWAYS_SEARCH_USER_PATHS = NO;
				ASSETCATALOG_COMPILER_GENERATE_SWIFT_ASSET_SYMBOL_EXTENSIONS = YES;
				CLANG_ANALYZER_NONNULL = YES;
				CLANG_ANALYZER_NUMBER_OBJECT_CONVERSION = YES_AGGRESSIVE;
				CLANG_CXX_LANGUAGE_STANDARD = "gnu++20";
				CLANG_ENABLE_MODULES = YES;
				CLANG_ENABLE_OBJC_ARC = YES;
				CLANG_ENABLE_OBJC_WEAK = YES;
				CLANG_WARN_BLOCK_CAPTURE_AUTORELEASING = YES;
				CLANG_WARN_BOOL_CONVERSION = YES;
				CLANG_WARN_COMMA = YES;
				CLANG_WARN_CONSTANT_CONVERSION = YES;
				CLANG_WARN_DEPRECATED_OBJC_IMPLEMENTATIONS = YES;
				CLANG_WARN_DIRECT_OBJC_ISA_USAGE = YES_ERROR;
				CLANG_WARN_DOCUMENTATION_COMMENTS = YES;
				CLANG_WARN_EMPTY_BODY = YES;
				CLANG_WARN_ENUM_CONVERSION = YES;
				CLANG_WARN_INFINITE_RECURSION = YES;
				CLANG_WARN_INT_CONVERSION = YES;
				CLANG_WARN_NON_LITERAL_NULL_CONVERSION = YES;
				CLANG_WARN_OBJC_IMPLICIT_RETAIN_SELF = YES;
				CLANG_WARN_OBJC_LITERAL_CONVERSION = YES;
				CLANG_WARN_OBJC_ROOT_CLASS = YES_ERROR;
				CLANG_WARN_QUOTED_INCLUDE_IN_FRAMEWORK_HEADER = YES;
				CLANG_WARN_RANGE_LOOP_ANALYSIS = YES;
				CLANG_WARN_STRICT_PROTOTYPES = YES;
				CLANG_WARN_SUSPICIOUS_MOVE = YES;
				CLANG_WARN_UNGUARDED_AVAILABILITY = YES_AGGRESSIVE;
				CLANG_WARN_UNREACHABLE_CODE = YES;
				CLANG_WARN__DUPLICATE_METHOD_MATCH = YES;
				COPY_PHASE_STRIP = NO;
				DEBUG_INFORMATION_FORMAT = dwarf;
				ENABLE_STRICT_OBJC_MSGSEND = YES;
				ENABLE_TESTABILITY = YES;
				ENABLE_USER_SCRIPT_SANDBOXING = YES;
				GCC_C_LANGUAGE_STANDARD = gnu17;
				GCC_DYNAMIC_NO_PIC = NO;
				GCC_NO_COMMON_BLOCKS = YES;
				GCC_OPTIMIZATION_LEVEL = 0;
				GCC_PREPROCESSOR_DEFINITIONS = (
					"DEBUG=1",
					"$(inherited)",
				);
				GCC_WARN_64_TO_32_BIT_CONVERSION = YES;
				GCC_WARN_ABOUT_RETURN_TYPE = YES_ERROR;
				GCC_WARN_UNDECLARED_SELECTOR = YES;
				GCC_WARN_UNINITIALIZED_AUTOS = YES_AGGRESSIVE;
				GCC_WARN_UNUSED_FUNCTION = YES;
				GCC_WARN_UNUSED_VARIABLE = YES;
				IPHONEOS_DEPLOYMENT_TARGET = 17.5;
				LOCALIZATION_PREFERS_STRING_CATALOGS = YES;
				MTL_ENABLE_DEBUG_INFO = INCLUDE_SOURCE;
				MTL_FAST_MATH = YES;
				ONLY_ACTIVE_ARCH = YES;
				SDKROOT = iphoneos;
				SWIFT_ACTIVE_COMPILATION_CONDITIONS = "DEBUG $(inherited)";
				SWIFT_OPTIMIZATION_LEVEL = "-Onone";
			};
			name = Debug;
		};
		2BBF6CEA2C6CE9DE00232ADA /* Release */ = {
			isa = XCBuildConfiguration;
			buildSettings = {
				ALWAYS_SEARCH_USER_PATHS = NO;
				ASSETCATALOG_COMPILER_GENERATE_SWIFT_ASSET_SYMBOL_EXTENSIONS = YES;
				CLANG_ANALYZER_NONNULL = YES;
				CLANG_ANALYZER_NUMBER_OBJECT_CONVERSION = YES_AGGRESSIVE;
				CLANG_CXX_LANGUAGE_STANDARD = "gnu++20";
				CLANG_ENABLE_MODULES = YES;
				CLANG_ENABLE_OBJC_ARC = YES;
				CLANG_ENABLE_OBJC_WEAK = YES;
				CLANG_WARN_BLOCK_CAPTURE_AUTORELEASING = YES;
				CLANG_WARN_BOOL_CONVERSION = YES;
				CLANG_WARN_COMMA = YES;
				CLANG_WARN_CONSTANT_CONVERSION = YES;
				CLANG_WARN_DEPRECATED_OBJC_IMPLEMENTATIONS = YES;
				CLANG_WARN_DIRECT_OBJC_ISA_USAGE = YES_ERROR;
				CLANG_WARN_DOCUMENTATION_COMMENTS = YES;
				CLANG_WARN_EMPTY_BODY = YES;
				CLANG_WARN_ENUM_CONVERSION = YES;
				CLANG_WARN_INFINITE_RECURSION = YES;
				CLANG_WARN_INT_CONVERSION = YES;
				CLANG_WARN_NON_LITERAL_NULL_CONVERSION = YES;
				CLANG_WARN_OBJC_IMPLICIT_RETAIN_SELF = YES;
				CLANG_WARN_OBJC_LITERAL_CONVERSION = YES;
				CLANG_WARN_OBJC_ROOT_CLASS = YES_ERROR;
				CLANG_WARN_QUOTED_INCLUDE_IN_FRAMEWORK_HEADER = YES;
				CLANG_WARN_RANGE_LOOP_ANALYSIS = YES;
				CLANG_WARN_STRICT_PROTOTYPES = YES;
				CLANG_WARN_SUSPICIOUS_MOVE = YES;
				CLANG_WARN_UNGUARDED_AVAILABILITY = YES_AGGRESSIVE;
				CLANG_WARN_UNREACHABLE_CODE = YES;
				CLANG_WARN__DUPLICATE_METHOD_MATCH = YES;
				COPY_PHASE_STRIP = NO;
				DEBUG_INFORMATION_FORMAT = "dwarf-with-dsym";
				ENABLE_NS_ASSERTIONS = NO;
				ENABLE_STRICT_OBJC_MSGSEND = YES;
				ENABLE_USER_SCRIPT_SANDBOXING = YES;
				GCC_C_LANGUAGE_STANDARD = gnu17;
				GCC_NO_COMMON_BLOCKS = YES;
				GCC_WARN_64_TO_32_BIT_CONVERSION = YES;
				GCC_WARN_ABOUT_RETURN_TYPE = YES_ERROR;
				GCC_WARN_UNDECLARED_SELECTOR = YES;
				GCC_WARN_UNINITIALIZED_AUTOS = YES_AGGRESSIVE;
				GCC_WARN_UNUSED_FUNCTION = YES;
				GCC_WARN_UNUSED_VARIABLE = YES;
				IPHONEOS_DEPLOYMENT_TARGET = 17.5;
				LOCALIZATION_PREFERS_STRING_CATALOGS = YES;
				MTL_ENABLE_DEBUG_INFO = NO;
				MTL_FAST_MATH = YES;
				SDKROOT = iphoneos;
				SWIFT_COMPILATION_MODE = wholemodule;
				VALIDATE_PRODUCT = YES;
			};
			name = Release;
		};
		2BBF6CEC2C6CE9DE00232ADA /* Debug */ = {
			isa = XCBuildConfiguration;
			buildSettings = {
				ASSETCATALOG_COMPILER_APPICON_NAME = AppIcon;
				ASSETCATALOG_COMPILER_GLOBAL_ACCENT_COLOR_NAME = AccentColor;
				CODE_SIGN_STYLE = Automatic;
				CURRENT_PROJECT_VERSION = 1;
				DEVELOPMENT_ASSET_PATHS = "\"Pokedex/Preview Content\"";
				ENABLE_PREVIEWS = YES;
				GENERATE_INFOPLIST_FILE = YES;
				INFOPLIST_KEY_UIApplicationSceneManifest_Generation = YES;
				INFOPLIST_KEY_UIApplicationSupportsIndirectInputEvents = YES;
				INFOPLIST_KEY_UILaunchScreen_Generation = YES;
				INFOPLIST_KEY_UISupportedInterfaceOrientations_iPad = "UIInterfaceOrientationPortrait UIInterfaceOrientationPortraitUpsideDown UIInterfaceOrientationLandscapeLeft UIInterfaceOrientationLandscapeRight";
				INFOPLIST_KEY_UISupportedInterfaceOrientations_iPhone = "UIInterfaceOrientationPortrait UIInterfaceOrientationLandscapeLeft UIInterfaceOrientationLandscapeRight";
				LD_RUNPATH_SEARCH_PATHS = (
					"$(inherited)",
					"@executable_path/Frameworks",
				);
				MARKETING_VERSION = 1.0;
				PRODUCT_BUNDLE_IDENTIFIER = com.tom.tom.tom.Pokedex;
				PRODUCT_NAME = "$(TARGET_NAME)";
				SWIFT_EMIT_LOC_STRINGS = YES;
				SWIFT_VERSION = 5.0;
				TARGETED_DEVICE_FAMILY = "1,2";
			};
			name = Debug;
		};
		2BBF6CED2C6CE9DE00232ADA /* Release */ = {
			isa = XCBuildConfiguration;
			buildSettings = {
				ASSETCATALOG_COMPILER_APPICON_NAME = AppIcon;
				ASSETCATALOG_COMPILER_GLOBAL_ACCENT_COLOR_NAME = AccentColor;
				CODE_SIGN_STYLE = Automatic;
				CURRENT_PROJECT_VERSION = 1;
				DEVELOPMENT_ASSET_PATHS = "\"Pokedex/Preview Content\"";
				ENABLE_PREVIEWS = YES;
				GENERATE_INFOPLIST_FILE = YES;
				INFOPLIST_KEY_UIApplicationSceneManifest_Generation = YES;
				INFOPLIST_KEY_UIApplicationSupportsIndirectInputEvents = YES;
				INFOPLIST_KEY_UILaunchScreen_Generation = YES;
				INFOPLIST_KEY_UISupportedInterfaceOrientations_iPad = "UIInterfaceOrientationPortrait UIInterfaceOrientationPortraitUpsideDown UIInterfaceOrientationLandscapeLeft UIInterfaceOrientationLandscapeRight";
				INFOPLIST_KEY_UISupportedInterfaceOrientations_iPhone = "UIInterfaceOrientationPortrait UIInterfaceOrientationLandscapeLeft UIInterfaceOrientationLandscapeRight";
				LD_RUNPATH_SEARCH_PATHS = (
					"$(inherited)",
					"@executable_path/Frameworks",
				);
				MARKETING_VERSION = 1.0;
				PRODUCT_BUNDLE_IDENTIFIER = com.tom.tom.tom.Pokedex;
				PRODUCT_NAME = "$(TARGET_NAME)";
				SWIFT_EMIT_LOC_STRINGS = YES;
				SWIFT_VERSION = 5.0;
				TARGETED_DEVICE_FAMILY = "1,2";
			};
			name = Release;
		};
		2BBF6CEF2C6CE9DE00232ADA /* Debug */ = {
			isa = XCBuildConfiguration;
			buildSettings = {
				ALWAYS_EMBED_SWIFT_STANDARD_LIBRARIES = YES;
				BUNDLE_LOADER = "$(TEST_HOST)";
				CODE_SIGN_STYLE = Automatic;
				CURRENT_PROJECT_VERSION = 1;
				GENERATE_INFOPLIST_FILE = YES;
				IPHONEOS_DEPLOYMENT_TARGET = 17.5;
				MARKETING_VERSION = 1.0;
				PRODUCT_BUNDLE_IDENTIFIER = com.tom.tom.tom.PokedexTests;
				PRODUCT_NAME = "$(TARGET_NAME)";
				SWIFT_EMIT_LOC_STRINGS = NO;
				SWIFT_VERSION = 5.0;
				TARGETED_DEVICE_FAMILY = "1,2";
				TEST_HOST = "$(BUILT_PRODUCTS_DIR)/Pokedex.app/$(BUNDLE_EXECUTABLE_FOLDER_PATH)/Pokedex";
			};
			name = Debug;
		};
		2BBF6CF02C6CE9DE00232ADA /* Release */ = {
			isa = XCBuildConfiguration;
			buildSettings = {
				ALWAYS_EMBED_SWIFT_STANDARD_LIBRARIES = YES;
				BUNDLE_LOADER = "$(TEST_HOST)";
				CODE_SIGN_STYLE = Automatic;
				CURRENT_PROJECT_VERSION = 1;
				GENERATE_INFOPLIST_FILE = YES;
				IPHONEOS_DEPLOYMENT_TARGET = 17.5;
				MARKETING_VERSION = 1.0;
				PRODUCT_BUNDLE_IDENTIFIER = com.tom.tom.tom.PokedexTests;
				PRODUCT_NAME = "$(TARGET_NAME)";
				SWIFT_EMIT_LOC_STRINGS = NO;
				SWIFT_VERSION = 5.0;
				TARGETED_DEVICE_FAMILY = "1,2";
				TEST_HOST = "$(BUILT_PRODUCTS_DIR)/Pokedex.app/$(BUNDLE_EXECUTABLE_FOLDER_PATH)/Pokedex";
			};
			name = Release;
		};
		2BBF6CF22C6CE9DE00232ADA /* Debug */ = {
			isa = XCBuildConfiguration;
			buildSettings = {
				ALWAYS_EMBED_SWIFT_STANDARD_LIBRARIES = YES;
				CODE_SIGN_STYLE = Automatic;
				CURRENT_PROJECT_VERSION = 1;
				GENERATE_INFOPLIST_FILE = YES;
				MARKETING_VERSION = 1.0;
				PRODUCT_BUNDLE_IDENTIFIER = com.tom.tom.tom.PokedexUITests;
				PRODUCT_NAME = "$(TARGET_NAME)";
				SWIFT_EMIT_LOC_STRINGS = NO;
				SWIFT_VERSION = 5.0;
				TARGETED_DEVICE_FAMILY = "1,2";
				TEST_TARGET_NAME = Pokedex;
			};
			name = Debug;
		};
		2BBF6CF32C6CE9DE00232ADA /* Release */ = {
			isa = XCBuildConfiguration;
			buildSettings = {
				ALWAYS_EMBED_SWIFT_STANDARD_LIBRARIES = YES;
				CODE_SIGN_STYLE = Automatic;
				CURRENT_PROJECT_VERSION = 1;
				GENERATE_INFOPLIST_FILE = YES;
				MARKETING_VERSION = 1.0;
				PRODUCT_BUNDLE_IDENTIFIER = com.tom.tom.tom.PokedexUITests;
				PRODUCT_NAME = "$(TARGET_NAME)";
				SWIFT_EMIT_LOC_STRINGS = NO;
				SWIFT_VERSION = 5.0;
				TARGETED_DEVICE_FAMILY = "1,2";
				TEST_TARGET_NAME = Pokedex;
			};
			name = Release;
		};
/* End XCBuildConfiguration section */

/* Begin XCConfigurationList section */
		2BBF6CC22C6CE9DD00232ADA /* Build configuration list for PBXProject "Pokedex" */ = {
			isa = XCConfigurationList;
			buildConfigurations = (
				2BBF6CE92C6CE9DE00232ADA /* Debug */,
				2BBF6CEA2C6CE9DE00232ADA /* Release */,
			);
			defaultConfigurationIsVisible = 0;
			defaultConfigurationName = Release;
		};
		2BBF6CEB2C6CE9DE00232ADA /* Build configuration list for PBXNativeTarget "Pokedex" */ = {
			isa = XCConfigurationList;
			buildConfigurations = (
				2BBF6CEC2C6CE9DE00232ADA /* Debug */,
				2BBF6CED2C6CE9DE00232ADA /* Release */,
			);
			defaultConfigurationIsVisible = 0;
			defaultConfigurationName = Release;
		};
		2BBF6CEE2C6CE9DE00232ADA /* Build configuration list for PBXNativeTarget "PokedexTests" */ = {
			isa = XCConfigurationList;
			buildConfigurations = (
				2BBF6CEF2C6CE9DE00232ADA /* Debug */,
				2BBF6CF02C6CE9DE00232ADA /* Release */,
			);
			defaultConfigurationIsVisible = 0;
			defaultConfigurationName = Release;
		};
		2BBF6CF12C6CE9DE00232ADA /* Build configuration list for PBXNativeTarget "PokedexUITests" */ = {
			isa = XCConfigurationList;
			buildConfigurations = (
				2BBF6CF22C6CE9DE00232ADA /* Debug */,
				2BBF6CF32C6CE9DE00232ADA /* Release */,
			);
			defaultConfigurationIsVisible = 0;
			defaultConfigurationName = Release;
		};
/* End XCConfigurationList section */
	};
	rootObject = 2BBF6CBF2C6CE9DD00232ADA /* Project object */;
}
